
Microsoft Visual Studio Solution File, Format Version 12.00
# Visual Studio 15
VisualStudioVersion = 15.0.28010.2036
MinimumVisualStudioVersion = 10.0.40219.1
Project("{FAE04EC0-301F-11D3-BF4B-00C04F79EFBC}") = "CodingChallenges1", "CodingChallenges1\CodingChallenges1.csproj", "{DFAA1CDC-3260-4032-99E9-B4EF9F60D096}"
EndProject
Global
	GlobalSection(SolutionConfigurationPlatforms) = preSolution
		Debug|Any CPU = Debug|Any CPU
		Release|Any CPU = Release|Any CPU
	EndGlobalSection
	GlobalSection(ProjectConfigurationPlatforms) = postSolution
		{DFAA1CDC-3260-4032-99E9-B4EF9F60D096}.Debug|Any CPU.ActiveCfg = Debug|Any CPU
		{DFAA1CDC-3260-4032-99E9-B4EF9F60D096}.Debug|Any CPU.Build.0 = Debug|Any CPU
		{DFAA1CDC-3260-4032-99E9-B4EF9F60D096}.Release|Any CPU.ActiveCfg = Release|Any CPU
		{DFAA1CDC-3260-4032-99E9-B4EF9F60D096}.Release|Any CPU.Build.0 = Release|Any CPU
	EndGlobalSection
	GlobalSection(SolutionProperties) = preSolution
		HideSolutionNode = FALSE
	EndGlobalSection
	GlobalSection(ExtensibilityGlobals) = postSolution
		SolutionGuid = {4F63DAF6-E252-4575-A0DF-F10D0973F85B}
	EndGlobalSection
EndGlobal
